
Microsoft Visual Studio Solution File, Format Version 12.00
# Visual Studio 15
VisualStudioVersion = 15.0.28307.421
MinimumVisualStudioVersion = 10.0.40219.1
Project("{9A19103F-16F7-4668-BE54-9A1E7A4F7556}") = "LearningPlatform", "LearningPlatform\LearningPlatform.csproj", "{1C0B0AD4-7648-4C89-BFFD-96C008675C65}"
EndProject
Global
	GlobalSection(SolutionConfigurationPlatforms) = preSolution
		Debug|Any CPU = Debug|Any CPU
		Release|Any CPU = Release|Any CPU
	EndGlobalSection
	GlobalSection(ProjectConfigurationPlatforms) = postSolution
		{1C0B0AD4-7648-4C89-BFFD-96C008675C65}.Debug|Any CPU.ActiveCfg = Debug|Any CPU
		{1C0B0AD4-7648-4C89-BFFD-96C008675C65}.Debug|Any CPU.Build.0 = Debug|Any CPU
		{1C0B0AD4-7648-4C89-BFFD-96C008675C65}.Release|Any CPU.ActiveCfg = Release|Any CPU
		{1C0B0AD4-7648-4C89-BFFD-96C008675C65}.Release|Any CPU.Build.0 = Release|Any CPU
	EndGlobalSection
	GlobalSection(SolutionProperties) = preSolution
		HideSolutionNode = FALSE
	EndGlobalSection
	GlobalSection(ExtensibilityGlobals) = postSolution
		SolutionGuid = {8C9EBF5F-8BF3-4F78-BA36-CB0FFF56B5AB}
	EndGlobalSection
EndGlobal
